{
  "name": "hw-platform-test",
  "version": "1.0.0",
  "lockfileVersion": 2,
  "requires": true,
  "packages": {
    "": {
      "name": "hw-platform-test",
      "version": "1.0.0",
      "license": "ISC",
      "dependencies": {
        "@estelelendil/hw-platforms-library": "^1.0.1"
      }
    },
    "node_modules/@estelelendil/hw-platforms-library": {
      "version": "1.0.1",
      "resolved": "https://npm.pkg.github.com/download/@estelelendil/hw-platforms-library/1.0.1/795d32c5749b23f4bc560ac3c3c53332dc5d2223c0d87be2a635914cfcb9af32",
      "integrity": "sha512-zxXuA2z8Z54lq8svqiMSIDS69pUNHh8Z7RVlaluyFog8Rnb7tZcIIeMEpuhGFGTZ+mMQ+ZUBblULFcM+CkkBug==",
      "license": "ISC"
    }
  },
  "dependencies": {
    "@estelelendil/hw-platforms-library": {
      "version": "1.0.1",
      "resolved": "https://npm.pkg.github.com/download/@estelelendil/hw-platforms-library/1.0.1/795d32c5749b23f4bc560ac3c3c53332dc5d2223c0d87be2a635914cfcb9af32",
      "integrity": "sha512-zxXuA2z8Z54lq8svqiMSIDS69pUNHh8Z7RVlaluyFog8Rnb7tZcIIeMEpuhGFGTZ+mMQ+ZUBblULFcM+CkkBug=="
    }
  }
}
